// !$*UTF8*$!
{
	archiveVersion = 1;
	classes = {
	};
	objectVersion = 56;
	objects = {

/* Begin PBXBuildFile section */
		459496FF2A5BACDC001E0E63 /* KuraKaniApp.swift in Sources */ = {isa = PBXBuildFile; fileRef = 459496FE2A5BACDC001E0E63 /* KuraKaniApp.swift */; };
		459497032A5BACDC001E0E63 /* ContentView.swift in Sources */ = {isa = PBXBuildFile; fileRef = 459497022A5BACDC001E0E63 /* ContentView.swift */; };
		459497052A5BACDD001E0E63 /* Assets.xcassets in Resources */ = {isa = PBXBuildFile; fileRef = 459497042A5BACDD001E0E63 /* Assets.xcassets */; };
		459497092A5BACDD001E0E63 /* Preview Assets.xcassets in Resources */ = {isa = PBXBuildFile; fileRef = 459497082A5BACDD001E0E63 /* Preview Assets.xcassets */; };
		459497172A5BB245001E0E63 /* SplashScreenView.swift in Sources */ = {isa = PBXBuildFile; fileRef = 459497162A5BB210001E0E63 /* SplashScreenView.swift */; };
		459497192A5BB314001E0E63 /* ColorInvertModifier.swift in Sources */ = {isa = PBXBuildFile; fileRef = 459497182A5BB314001E0E63 /* ColorInvertModifier.swift */; };
		459497202A5BB8BD001E0E63 /* SinglePersonaRow.swift in Sources */ = {isa = PBXBuildFile; fileRef = 4594971F2A5BB8BD001E0E63 /* SinglePersonaRow.swift */; };
		459497222A5BB8D1001E0E63 /* SinglePersona.swift in Sources */ = {isa = PBXBuildFile; fileRef = 459497212A5BB8D1001E0E63 /* SinglePersona.swift */; };
		459497252A5BBFCE001E0E63 /* PersonaDetails.swift in Sources */ = {isa = PBXBuildFile; fileRef = 459497242A5BBFCE001E0E63 /* PersonaDetails.swift */; };
		459497272A5BC5A3001E0E63 /* ChatsRow.swift in Sources */ = {isa = PBXBuildFile; fileRef = 459497262A5BC5A3001E0E63 /* ChatsRow.swift */; };
		459497292A5BC765001E0E63 /* ChatDetail.swift in Sources */ = {isa = PBXBuildFile; fileRef = 459497282A5BC765001E0E63 /* ChatDetail.swift */; };
/* End PBXBuildFile section */

/* Begin PBXFileReference section */
		459496FB2A5BACDC001E0E63 /* KuraKani.app */ = {isa = PBXFileReference; explicitFileType = wrapper.application; includeInIndex = 0; path = KuraKani.app; sourceTree = BUILT_PRODUCTS_DIR; };
		459496FE2A5BACDC001E0E63 /* KuraKaniApp.swift */ = {isa = PBXFileReference; lastKnownFileType = sourcecode.swift; path = KuraKaniApp.swift; sourceTree = "<group>"; };
		459497022A5BACDC001E0E63 /* ContentView.swift */ = {isa = PBXFileReference; lastKnownFileType = sourcecode.swift; path = ContentView.swift; sourceTree = "<group>"; };
		459497042A5BACDD001E0E63 /* Assets.xcassets */ = {isa = PBXFileReference; lastKnownFileType = folder.assetcatalog; path = Assets.xcassets; sourceTree = "<group>"; };
		459497062A5BACDD001E0E63 /* KuraKani.entitlements */ = {isa = PBXFileReference; lastKnownFileType = text.plist.entitlements; path = KuraKani.entitlements; sourceTree = "<group>"; };
		459497082A5BACDD001E0E63 /* Preview Assets.xcassets */ = {isa = PBXFileReference; lastKnownFileType = folder.assetcatalog; path = "Preview Assets.xcassets"; sourceTree = "<group>"; };
		4594970F2A5BB118001E0E63 /* Keychain+Extension.swift */ = {isa = PBXFileReference; lastKnownFileType = sourcecode.swift; name = "Keychain+Extension.swift"; path = "../Keychain+Extension.swift"; sourceTree = "<group>"; };
		459497132A5BB1E7001E0E63 /* Defaults+Extensions.swift */ = {isa = PBXFileReference; lastKnownFileType = sourcecode.swift; path = "Defaults+Extensions.swift"; sourceTree = "<group>"; };
		459497142A5BB1E7001E0E63 /* Keychain+Extension.swift */ = {isa = PBXFileReference; lastKnownFileType = sourcecode.swift; path = "Keychain+Extension.swift"; sourceTree = "<group>"; };
		459497162A5BB210001E0E63 /* SplashScreenView.swift */ = {isa = PBXFileReference; lastKnownFileType = sourcecode.swift; path = SplashScreenView.swift; sourceTree = "<group>"; };
		459497182A5BB314001E0E63 /* ColorInvertModifier.swift */ = {isa = PBXFileReference; lastKnownFileType = sourcecode.swift; path = ColorInvertModifier.swift; sourceTree = "<group>"; };
		4594971F2A5BB8BD001E0E63 /* SinglePersonaRow.swift */ = {isa = PBXFileReference; lastKnownFileType = sourcecode.swift; path = SinglePersonaRow.swift; sourceTree = "<group>"; };
		459497212A5BB8D1001E0E63 /* SinglePersona.swift */ = {isa = PBXFileReference; lastKnownFileType = sourcecode.swift; path = SinglePersona.swift; sourceTree = "<group>"; };
		459497242A5BBFCE001E0E63 /* PersonaDetails.swift */ = {isa = PBXFileReference; lastKnownFileType = sourcecode.swift; path = PersonaDetails.swift; sourceTree = "<group>"; };
		459497262A5BC5A3001E0E63 /* ChatsRow.swift */ = {isa = PBXFileReference; lastKnownFileType = sourcecode.swift; path = ChatsRow.swift; sourceTree = "<group>"; };
		459497282A5BC765001E0E63 /* ChatDetail.swift */ = {isa = PBXFileReference; lastKnownFileType = sourcecode.swift; path = ChatDetail.swift; sourceTree = "<group>"; };
/* End PBXFileReference section */

/* Begin PBXFrameworksBuildPhase section */
		459496F82A5BACDC001E0E63 /* Frameworks */ = {
			isa = PBXFrameworksBuildPhase;
			buildActionMask = 2147483647;
			files = (
			);
			runOnlyForDeploymentPostprocessing = 0;
		};
/* End PBXFrameworksBuildPhase section */

/* Begin PBXGroup section */
		459496F22A5BACDC001E0E63 = {
			isa = PBXGroup;
			children = (
				459496FD2A5BACDC001E0E63 /* KuraKani */,
				459496FC2A5BACDC001E0E63 /* Products */,
			);
			sourceTree = "<group>";
		};
		459496FC2A5BACDC001E0E63 /* Products */ = {
			isa = PBXGroup;
			children = (
				459496FB2A5BACDC001E0E63 /* KuraKani.app */,
			);
			name = Products;
			sourceTree = "<group>";
		};
		459496FD2A5BACDC001E0E63 /* KuraKani */ = {
			isa = PBXGroup;
			children = (
				459496FE2A5BACDC001E0E63 /* KuraKaniApp.swift */,
				459497022A5BACDC001E0E63 /* ContentView.swift */,
				459497152A5BB209001E0E63 /* Views */,
				4594971B2A5BB58D001E0E63 /* Models */,
				4594971A2A5BB4AB001E0E63 /* ViewModifiers */,
				459497112A5BB1E7001E0E63 /* Extensions */,
				459497042A5BACDD001E0E63 /* Assets.xcassets */,
				459497062A5BACDD001E0E63 /* KuraKani.entitlements */,
				459497072A5BACDD001E0E63 /* Preview Content */,
			);
			path = KuraKani;
			sourceTree = "<group>";
		};
		459497072A5BACDD001E0E63 /* Preview Content */ = {
			isa = PBXGroup;
			children = (
				459497082A5BACDD001E0E63 /* Preview Assets.xcassets */,
			);
			path = "Preview Content";
			sourceTree = "<group>";
		};
		459497112A5BB1E7001E0E63 /* Extensions */ = {
			isa = PBXGroup;
			children = (
				4594970F2A5BB118001E0E63 /* Keychain+Extension.swift */,
				459497132A5BB1E7001E0E63 /* Defaults+Extensions.swift */,
				459497142A5BB1E7001E0E63 /* Keychain+Extension.swift */,
			);
			path = Extensions;
			sourceTree = "<group>";
		};
		459497152A5BB209001E0E63 /* Views */ = {
			isa = PBXGroup;
			children = (
				4594971C2A5BB5C2001E0E63 /* SubViews */,
				4594971F2A5BB8BD001E0E63 /* SinglePersonaRow.swift */,
				459497242A5BBFCE001E0E63 /* PersonaDetails.swift */,
				459497262A5BC5A3001E0E63 /* ChatsRow.swift */,
				459497282A5BC765001E0E63 /* ChatDetail.swift */,
			);
			path = Views;
			sourceTree = "<group>";
		};
		4594971A2A5BB4AB001E0E63 /* ViewModifiers */ = {
			isa = PBXGroup;
			children = (
				459497182A5BB314001E0E63 /* ColorInvertModifier.swift */,
			);
			path = ViewModifiers;
			sourceTree = "<group>";
		};
		4594971B2A5BB58D001E0E63 /* Models */ = {
			isa = PBXGroup;
			children = (
				459497212A5BB8D1001E0E63 /* SinglePersona.swift */,
			);
			path = Models;
			sourceTree = "<group>";
		};
		4594971C2A5BB5C2001E0E63 /* SubViews */ = {
			isa = PBXGroup;
			children = (
				459497162A5BB210001E0E63 /* SplashScreenView.swift */,
			);
			path = SubViews;
			sourceTree = "<group>";
		};
/* End PBXGroup section */

/* Begin PBXNativeTarget section */
		459496FA2A5BACDC001E0E63 /* KuraKani */ = {
			isa = PBXNativeTarget;
			buildConfigurationList = 4594970C2A5BACDD001E0E63 /* Build configuration list for PBXNativeTarget "KuraKani" */;
			buildPhases = (
				459496F72A5BACDC001E0E63 /* Sources */,
				459496F82A5BACDC001E0E63 /* Frameworks */,
				459496F92A5BACDC001E0E63 /* Resources */,
			);
			buildRules = (
			);
			dependencies = (
			);
			name = KuraKani;
			productName = KuraKani;
			productReference = 459496FB2A5BACDC001E0E63 /* KuraKani.app */;
			productType = "com.apple.product-type.application";
		};
/* End PBXNativeTarget section */

/* Begin PBXProject section */
		459496F32A5BACDC001E0E63 /* Project object */ = {
			isa = PBXProject;
			attributes = {
				BuildIndependentTargetsInParallel = 1;
				LastSwiftUpdateCheck = 1500;
				LastUpgradeCheck = 1500;
				TargetAttributes = {
					459496FA2A5BACDC001E0E63 = {
						CreatedOnToolsVersion = 15.0;
					};
				};
			};
			buildConfigurationList = 459496F62A5BACDC001E0E63 /* Build configuration list for PBXProject "KuraKani" */;
			compatibilityVersion = "Xcode 14.0";
			developmentRegion = en;
			hasScannedForEncodings = 0;
			knownRegions = (
				en,
				Base,
			);
			mainGroup = 459496F22A5BACDC001E0E63;
			productRefGroup = 459496FC2A5BACDC001E0E63 /* Products */;
			projectDirPath = "";
			projectRoot = "";
			targets = (
				459496FA2A5BACDC001E0E63 /* KuraKani */,
			);
		};
/* End PBXProject section */

/* Begin PBXResourcesBuildPhase section */
		459496F92A5BACDC001E0E63 /* Resources */ = {
			isa = PBXResourcesBuildPhase;
			buildActionMask = 2147483647;
			files = (
				459497092A5BACDD001E0E63 /* Preview Assets.xcassets in Resources */,
				459497052A5BACDD001E0E63 /* Assets.xcassets in Resources */,
			);
			runOnlyForDeploymentPostprocessing = 0;
		};
/* End PBXResourcesBuildPhase section */

/* Begin PBXSourcesBuildPhase section */
		459496F72A5BACDC001E0E63 /* Sources */ = {
			isa = PBXSourcesBuildPhase;
			buildActionMask = 2147483647;
			files = (
				459497252A5BBFCE001E0E63 /* PersonaDetails.swift in Sources */,
				459497292A5BC765001E0E63 /* ChatDetail.swift in Sources */,
				459496FF2A5BACDC001E0E63 /* KuraKaniApp.swift in Sources */,
				459497032A5BACDC001E0E63 /* ContentView.swift in Sources */,
				459497192A5BB314001E0E63 /* ColorInvertModifier.swift in Sources */,
				459497272A5BC5A3001E0E63 /* ChatsRow.swift in Sources */,
				459497202A5BB8BD001E0E63 /* SinglePersonaRow.swift in Sources */,
				459497222A5BB8D1001E0E63 /* SinglePersona.swift in Sources */,
				459497172A5BB245001E0E63 /* SplashScreenView.swift in Sources */,
			);
			runOnlyForDeploymentPostprocessing = 0;
		};
/* End PBXSourcesBuildPhase section */

/* Begin XCBuildConfiguration section */
		4594970A2A5BACDD001E0E63 /* Debug */ = {
			isa = XCBuildConfiguration;
			buildSettings = {
				ALWAYS_SEARCH_USER_PATHS = NO;
				ASSETCATALOG_COMPILER_GENERATE_SWIFT_ASSET_SYMBOL_EXTENSIONS = YES;
				CLANG_ANALYZER_NONNULL = YES;
				CLANG_ANALYZER_NUMBER_OBJECT_CONVERSION = YES_AGGRESSIVE;
				CLANG_CXX_LANGUAGE_STANDARD = "gnu++20";
				CLANG_ENABLE_MODULES = YES;
				CLANG_ENABLE_OBJC_ARC = YES;
				CLANG_ENABLE_OBJC_WEAK = YES;
				CLANG_WARN_BLOCK_CAPTURE_AUTORELEASING = YES;
				CLANG_WARN_BOOL_CONVERSION = YES;
				CLANG_WARN_COMMA = YES;
				CLANG_WARN_CONSTANT_CONVERSION = YES;
				CLANG_WARN_DEPRECATED_OBJC_IMPLEMENTATIONS = YES;
				CLANG_WARN_DIRECT_OBJC_ISA_USAGE = YES_ERROR;
				CLANG_WARN_DOCUMENTATION_COMMENTS = YES;
				CLANG_WARN_EMPTY_BODY = YES;
				CLANG_WARN_ENUM_CONVERSION = YES;
				CLANG_WARN_INFINITE_RECURSION = YES;
				CLANG_WARN_INT_CONVERSION = YES;
				CLANG_WARN_NON_LITERAL_NULL_CONVERSION = YES;
				CLANG_WARN_OBJC_IMPLICIT_RETAIN_SELF = YES;
				CLANG_WARN_OBJC_LITERAL_CONVERSION = YES;
				CLANG_WARN_OBJC_ROOT_CLASS = YES_ERROR;
				CLANG_WARN_QUOTED_INCLUDE_IN_FRAMEWORK_HEADER = YES;
				CLANG_WARN_RANGE_LOOP_ANALYSIS = YES;
				CLANG_WARN_STRICT_PROTOTYPES = YES;
				CLANG_WARN_SUSPICIOUS_MOVE = YES;
				CLANG_WARN_UNGUARDED_AVAILABILITY = YES_AGGRESSIVE;
				CLANG_WARN_UNREACHABLE_CODE = YES;
				CLANG_WARN__DUPLICATE_METHOD_MATCH = YES;
				COPY_PHASE_STRIP = NO;
				DEBUG_INFORMATION_FORMAT = dwarf;
				ENABLE_STRICT_OBJC_MSGSEND = YES;
				ENABLE_TESTABILITY = YES;
				ENABLE_USER_SCRIPT_SANDBOXING = YES;
				GCC_C_LANGUAGE_STANDARD = gnu17;
				GCC_DYNAMIC_NO_PIC = NO;
				GCC_NO_COMMON_BLOCKS = YES;
				GCC_OPTIMIZATION_LEVEL = 0;
				GCC_PREPROCESSOR_DEFINITIONS = (
					"DEBUG=1",
					"$(inherited)",
				);
				GCC_WARN_64_TO_32_BIT_CONVERSION = YES;
				GCC_WARN_ABOUT_RETURN_TYPE = YES_ERROR;
				GCC_WARN_UNDECLARED_SELECTOR = YES;
				GCC_WARN_UNINITIALIZED_AUTOS = YES_AGGRESSIVE;
				GCC_WARN_UNUSED_FUNCTION = YES;
				GCC_WARN_UNUSED_VARIABLE = YES;
				LOCALIZATION_PREFERS_STRING_CATALOGS = YES;
				MTL_ENABLE_DEBUG_INFO = INCLUDE_SOURCE;
				MTL_FAST_MATH = YES;
				ONLY_ACTIVE_ARCH = YES;
				SWIFT_ACTIVE_COMPILATION_CONDITIONS = "DEBUG $(inherited)";
				SWIFT_OPTIMIZATION_LEVEL = "-Onone";
			};
			name = Debug;
		};
		4594970B2A5BACDD001E0E63 /* Release */ = {
			isa = XCBuildConfiguration;
			buildSettings = {
				ALWAYS_SEARCH_USER_PATHS = NO;
				ASSETCATALOG_COMPILER_GENERATE_SWIFT_ASSET_SYMBOL_EXTENSIONS = YES;
				CLANG_ANALYZER_NONNULL = YES;
				CLANG_ANALYZER_NUMBER_OBJECT_CONVERSION = YES_AGGRESSIVE;
				CLANG_CXX_LANGUAGE_STANDARD = "gnu++20";
				CLANG_ENABLE_MODULES = YES;
				CLANG_ENABLE_OBJC_ARC = YES;
				CLANG_ENABLE_OBJC_WEAK = YES;
				CLANG_WARN_BLOCK_CAPTURE_AUTORELEASING = YES;
				CLANG_WARN_BOOL_CONVERSION = YES;
				CLANG_WARN_COMMA = YES;
				CLANG_WARN_CONSTANT_CONVERSION = YES;
				CLANG_WARN_DEPRECATED_OBJC_IMPLEMENTATIONS = YES;
				CLANG_WARN_DIRECT_OBJC_ISA_USAGE = YES_ERROR;
				CLANG_WARN_DOCUMENTATION_COMMENTS = YES;
				CLANG_WARN_EMPTY_BODY = YES;
				CLANG_WARN_ENUM_CONVERSION = YES;
				CLANG_WARN_INFINITE_RECURSION = YES;
				CLANG_WARN_INT_CONVERSION = YES;
				CLANG_WARN_NON_LITERAL_NULL_CONVERSION = YES;
				CLANG_WARN_OBJC_IMPLICIT_RETAIN_SELF = YES;
				CLANG_WARN_OBJC_LITERAL_CONVERSION = YES;
				CLANG_WARN_OBJC_ROOT_CLASS = YES_ERROR;
				CLANG_WARN_QUOTED_INCLUDE_IN_FRAMEWORK_HEADER = YES;
				CLANG_WARN_RANGE_LOOP_ANALYSIS = YES;
				CLANG_WARN_STRICT_PROTOTYPES = YES;
				CLANG_WARN_SUSPICIOUS_MOVE = YES;
				CLANG_WARN_UNGUARDED_AVAILABILITY = YES_AGGRESSIVE;
				CLANG_WARN_UNREACHABLE_CODE = YES;
				CLANG_WARN__DUPLICATE_METHOD_MATCH = YES;
				COPY_PHASE_STRIP = NO;
				DEBUG_INFORMATION_FORMAT = "dwarf-with-dsym";
				ENABLE_NS_ASSERTIONS = NO;
				ENABLE_STRICT_OBJC_MSGSEND = YES;
				ENABLE_USER_SCRIPT_SANDBOXING = YES;
				GCC_C_LANGUAGE_STANDARD = gnu17;
				GCC_NO_COMMON_BLOCKS = YES;
				GCC_WARN_64_TO_32_BIT_CONVERSION = YES;
				GCC_WARN_ABOUT_RETURN_TYPE = YES_ERROR;
				GCC_WARN_UNDECLARED_SELECTOR = YES;
				GCC_WARN_UNINITIALIZED_AUTOS = YES_AGGRESSIVE;
				GCC_WARN_UNUSED_FUNCTION = YES;
				GCC_WARN_UNUSED_VARIABLE = YES;
				LOCALIZATION_PREFERS_STRING_CATALOGS = YES;
				MTL_ENABLE_DEBUG_INFO = NO;
				MTL_FAST_MATH = YES;
				SWIFT_COMPILATION_MODE = wholemodule;
			};
			name = Release;
		};
		4594970D2A5BACDD001E0E63 /* Debug */ = {
			isa = XCBuildConfiguration;
			buildSettings = {
				ASSETCATALOG_COMPILER_APPICON_NAME = AppIcon;
				ASSETCATALOG_COMPILER_GLOBAL_ACCENT_COLOR_NAME = AccentColor;
				CODE_SIGN_ENTITLEMENTS = KuraKani/KuraKani.entitlements;
				CODE_SIGN_STYLE = Automatic;
				CURRENT_PROJECT_VERSION = 1;
				DEVELOPMENT_ASSET_PATHS = "\"KuraKani/Preview Content\"";
				DEVELOPMENT_TEAM = 4538W4A79B;
				ENABLE_HARDENED_RUNTIME = YES;
				ENABLE_PREVIEWS = YES;
				GENERATE_INFOPLIST_FILE = YES;
				"INFOPLIST_KEY_UIApplicationSceneManifest_Generation[sdk=iphoneos*]" = YES;
				"INFOPLIST_KEY_UIApplicationSceneManifest_Generation[sdk=iphonesimulator*]" = YES;
				"INFOPLIST_KEY_UIApplicationSupportsIndirectInputEvents[sdk=iphoneos*]" = YES;
				"INFOPLIST_KEY_UIApplicationSupportsIndirectInputEvents[sdk=iphonesimulator*]" = YES;
				"INFOPLIST_KEY_UILaunchScreen_Generation[sdk=iphoneos*]" = YES;
				"INFOPLIST_KEY_UILaunchScreen_Generation[sdk=iphonesimulator*]" = YES;
				"INFOPLIST_KEY_UIStatusBarStyle[sdk=iphoneos*]" = UIStatusBarStyleDefault;
				"INFOPLIST_KEY_UIStatusBarStyle[sdk=iphonesimulator*]" = UIStatusBarStyleDefault;
				INFOPLIST_KEY_UISupportedInterfaceOrientations_iPad = "UIInterfaceOrientationPortrait UIInterfaceOrientationPortraitUpsideDown UIInterfaceOrientationLandscapeLeft UIInterfaceOrientationLandscapeRight";
				INFOPLIST_KEY_UISupportedInterfaceOrientations_iPhone = "UIInterfaceOrientationPortrait UIInterfaceOrientationLandscapeLeft UIInterfaceOrientationLandscapeRight";
				IPHONEOS_DEPLOYMENT_TARGET = 17.0;
				LD_RUNPATH_SEARCH_PATHS = "@executable_path/Frameworks";
				"LD_RUNPATH_SEARCH_PATHS[sdk=macosx*]" = "@executable_path/../Frameworks";
				MACOSX_DEPLOYMENT_TARGET = 14.0;
				MARKETING_VERSION = 1.0;
				PRODUCT_BUNDLE_IDENTIFIER = com.aayush.commercial.KuraKani;
				PRODUCT_NAME = "$(TARGET_NAME)";
				SDKROOT = auto;
				SUPPORTED_PLATFORMS = "iphoneos iphonesimulator macosx";
				SWIFT_EMIT_LOC_STRINGS = YES;
				SWIFT_VERSION = 5.0;
				TARGETED_DEVICE_FAMILY = "1,2";
			};
			name = Debug;
		};
		4594970E2A5BACDD001E0E63 /* Release */ = {
			isa = XCBuildConfiguration;
			buildSettings = {
				ASSETCATALOG_COMPILER_APPICON_NAME = AppIcon;
				ASSETCATALOG_COMPILER_GLOBAL_ACCENT_COLOR_NAME = AccentColor;
				CODE_SIGN_ENTITLEMENTS = KuraKani/KuraKani.entitlements;
				CODE_SIGN_STYLE = Automatic;
				CURRENT_PROJECT_VERSION = 1;
				DEVELOPMENT_ASSET_PATHS = "\"KuraKani/Preview Content\"";
				DEVELOPMENT_TEAM = 4538W4A79B;
				ENABLE_HARDENED_RUNTIME = YES;
				ENABLE_PREVIEWS = YES;
				GENERATE_INFOPLIST_FILE = YES;
				"INFOPLIST_KEY_UIApplicationSceneManifest_Generation[sdk=iphoneos*]" = YES;
				"INFOPLIST_KEY_UIApplicationSceneManifest_Generation[sdk=iphonesimulator*]" = YES;
				"INFOPLIST_KEY_UIApplicationSupportsIndirectInputEvents[sdk=iphoneos*]" = YES;
				"INFOPLIST_KEY_UIApplicationSupportsIndirectInputEvents[sdk=iphonesimulator*]" = YES;
				"INFOPLIST_KEY_UILaunchScreen_Generation[sdk=iphoneos*]" = YES;
				"INFOPLIST_KEY_UILaunchScreen_Generation[sdk=iphonesimulator*]" = YES;
				"INFOPLIST_KEY_UIStatusBarStyle[sdk=iphoneos*]" = UIStatusBarStyleDefault;
				"INFOPLIST_KEY_UIStatusBarStyle[sdk=iphonesimulator*]" = UIStatusBarStyleDefault;
				INFOPLIST_KEY_UISupportedInterfaceOrientations_iPad = "UIInterfaceOrientationPortrait UIInterfaceOrientationPortraitUpsideDown UIInterfaceOrientationLandscapeLeft UIInterfaceOrientationLandscapeRight";
				INFOPLIST_KEY_UISupportedInterfaceOrientations_iPhone = "UIInterfaceOrientationPortrait UIInterfaceOrientationLandscapeLeft UIInterfaceOrientationLandscapeRight";
				IPHONEOS_DEPLOYMENT_TARGET = 17.0;
				LD_RUNPATH_SEARCH_PATHS = "@executable_path/Frameworks";
				"LD_RUNPATH_SEARCH_PATHS[sdk=macosx*]" = "@executable_path/../Frameworks";
				MACOSX_DEPLOYMENT_TARGET = 14.0;
				MARKETING_VERSION = 1.0;
				PRODUCT_BUNDLE_IDENTIFIER = com.aayush.commercial.KuraKani;
				PRODUCT_NAME = "$(TARGET_NAME)";
				SDKROOT = auto;
				SUPPORTED_PLATFORMS = "iphoneos iphonesimulator macosx";
				SWIFT_EMIT_LOC_STRINGS = YES;
				SWIFT_VERSION = 5.0;
				TARGETED_DEVICE_FAMILY = "1,2";
			};
			name = Release;
		};
/* End XCBuildConfiguration section */

/* Begin XCConfigurationList section */
		459496F62A5BACDC001E0E63 /* Build configuration list for PBXProject "KuraKani" */ = {
			isa = XCConfigurationList;
			buildConfigurations = (
				4594970A2A5BACDD001E0E63 /* Debug */,
				4594970B2A5BACDD001E0E63 /* Release */,
			);
			defaultConfigurationIsVisible = 0;
			defaultConfigurationName = Release;
		};
		4594970C2A5BACDD001E0E63 /* Build configuration list for PBXNativeTarget "KuraKani" */ = {
			isa = XCConfigurationList;
			buildConfigurations = (
				4594970D2A5BACDD001E0E63 /* Debug */,
				4594970E2A5BACDD001E0E63 /* Release */,
			);
			defaultConfigurationIsVisible = 0;
			defaultConfigurationName = Release;
		};
/* End XCConfigurationList section */
	};
	rootObject = 459496F32A5BACDC001E0E63 /* Project object */;
}
